// !$*UTF8*$!
{
	archiveVersion = 1;
	classes = {
	};
	objectVersion = 55;
	objects = {

/* Begin PBXBuildFile section */
		8E9F712828BDCDD600D79F9D /* Tests_iOS.swift in Sources */ = {isa = PBXBuildFile; fileRef = 8E9F712728BDCDD600D79F9D /* Tests_iOS.swift */; };
		8E9F712A28BDCDD600D79F9D /* Tests_iOSLaunchTests.swift in Sources */ = {isa = PBXBuildFile; fileRef = 8E9F712928BDCDD600D79F9D /* Tests_iOSLaunchTests.swift */; };
		8E9F713428BDCDD600D79F9D /* Tests_macOS.swift in Sources */ = {isa = PBXBuildFile; fileRef = 8E9F713328BDCDD600D79F9D /* Tests_macOS.swift */; };
		8E9F713628BDCDD600D79F9D /* Tests_macOSLaunchTests.swift in Sources */ = {isa = PBXBuildFile; fileRef = 8E9F713528BDCDD600D79F9D /* Tests_macOSLaunchTests.swift */; };
		8E9F713728BDCDD600D79F9D /* themoviedbApp.swift in Sources */ = {isa = PBXBuildFile; fileRef = 8E9F710F28BDCDD200D79F9D /* themoviedbApp.swift */; };
		8E9F713828BDCDD600D79F9D /* themoviedbApp.swift in Sources */ = {isa = PBXBuildFile; fileRef = 8E9F710F28BDCDD200D79F9D /* themoviedbApp.swift */; };
		8E9F713928BDCDD600D79F9D /* ContentView.swift in Sources */ = {isa = PBXBuildFile; fileRef = 8E9F711028BDCDD200D79F9D /* ContentView.swift */; };
		8E9F713A28BDCDD600D79F9D /* ContentView.swift in Sources */ = {isa = PBXBuildFile; fileRef = 8E9F711028BDCDD200D79F9D /* ContentView.swift */; };
		8E9F713B28BDCDD600D79F9D /* Assets.xcassets in Resources */ = {isa = PBXBuildFile; fileRef = 8E9F711128BDCDD600D79F9D /* Assets.xcassets */; };
		8E9F713C28BDCDD600D79F9D /* Assets.xcassets in Resources */ = {isa = PBXBuildFile; fileRef = 8E9F711128BDCDD600D79F9D /* Assets.xcassets */; };
/* End PBXBuildFile section */

/* Begin PBXContainerItemProxy section */
		8E9F712428BDCDD600D79F9D /* PBXContainerItemProxy */ = {
			isa = PBXContainerItemProxy;
			containerPortal = 8E9F710A28BDCDD200D79F9D /* Project object */;
			proxyType = 1;
			remoteGlobalIDString = 8E9F711528BDCDD600D79F9D;
			remoteInfo = "themoviedb (iOS)";
		};
		8E9F713028BDCDD600D79F9D /* PBXContainerItemProxy */ = {
			isa = PBXContainerItemProxy;
			containerPortal = 8E9F710A28BDCDD200D79F9D /* Project object */;
			proxyType = 1;
			remoteGlobalIDString = 8E9F711B28BDCDD600D79F9D;
			remoteInfo = "themoviedb (macOS)";
		};
/* End PBXContainerItemProxy section */

/* Begin PBXFileReference section */
		8E9F710F28BDCDD200D79F9D /* themoviedbApp.swift */ = {isa = PBXFileReference; lastKnownFileType = sourcecode.swift; path = themoviedbApp.swift; sourceTree = "<group>"; };
		8E9F711028BDCDD200D79F9D /* ContentView.swift */ = {isa = PBXFileReference; lastKnownFileType = sourcecode.swift; path = ContentView.swift; sourceTree = "<group>"; };
		8E9F711128BDCDD600D79F9D /* Assets.xcassets */ = {isa = PBXFileReference; lastKnownFileType = folder.assetcatalog; path = Assets.xcassets; sourceTree = "<group>"; };
		8E9F711628BDCDD600D79F9D /* themoviedb.app */ = {isa = PBXFileReference; explicitFileType = wrapper.application; includeInIndex = 0; path = themoviedb.app; sourceTree = BUILT_PRODUCTS_DIR; };
		8E9F711C28BDCDD600D79F9D /* themoviedb.app */ = {isa = PBXFileReference; explicitFileType = wrapper.application; includeInIndex = 0; path = themoviedb.app; sourceTree = BUILT_PRODUCTS_DIR; };
		8E9F711E28BDCDD600D79F9D /* macOS.entitlements */ = {isa = PBXFileReference; lastKnownFileType = text.plist.entitlements; path = macOS.entitlements; sourceTree = "<group>"; };
		8E9F712328BDCDD600D79F9D /* Tests iOS.xctest */ = {isa = PBXFileReference; explicitFileType = wrapper.cfbundle; includeInIndex = 0; path = "Tests iOS.xctest"; sourceTree = BUILT_PRODUCTS_DIR; };
		8E9F712728BDCDD600D79F9D /* Tests_iOS.swift */ = {isa = PBXFileReference; lastKnownFileType = sourcecode.swift; path = Tests_iOS.swift; sourceTree = "<group>"; };
		8E9F712928BDCDD600D79F9D /* Tests_iOSLaunchTests.swift */ = {isa = PBXFileReference; lastKnownFileType = sourcecode.swift; path = Tests_iOSLaunchTests.swift; sourceTree = "<group>"; };
		8E9F712F28BDCDD600D79F9D /* Tests macOS.xctest */ = {isa = PBXFileReference; explicitFileType = wrapper.cfbundle; includeInIndex = 0; path = "Tests macOS.xctest"; sourceTree = BUILT_PRODUCTS_DIR; };
		8E9F713328BDCDD600D79F9D /* Tests_macOS.swift */ = {isa = PBXFileReference; lastKnownFileType = sourcecode.swift; path = Tests_macOS.swift; sourceTree = "<group>"; };
		8E9F713528BDCDD600D79F9D /* Tests_macOSLaunchTests.swift */ = {isa = PBXFileReference; lastKnownFileType = sourcecode.swift; path = Tests_macOSLaunchTests.swift; sourceTree = "<group>"; };
/* End PBXFileReference section */

/* Begin PBXFrameworksBuildPhase section */
		8E9F711328BDCDD600D79F9D /* Frameworks */ = {
			isa = PBXFrameworksBuildPhase;
			buildActionMask = 2147483647;
			files = (
			);
			runOnlyForDeploymentPostprocessing = 0;
		};
		8E9F711928BDCDD600D79F9D /* Frameworks */ = {
			isa = PBXFrameworksBuildPhase;
			buildActionMask = 2147483647;
			files = (
			);
			runOnlyForDeploymentPostprocessing = 0;
		};
		8E9F712028BDCDD600D79F9D /* Frameworks */ = {
			isa = PBXFrameworksBuildPhase;
			buildActionMask = 2147483647;
			files = (
			);
			runOnlyForDeploymentPostprocessing = 0;
		};
		8E9F712C28BDCDD600D79F9D /* Frameworks */ = {
			isa = PBXFrameworksBuildPhase;
			buildActionMask = 2147483647;
			files = (
			);
			runOnlyForDeploymentPostprocessing = 0;
		};
/* End PBXFrameworksBuildPhase section */

/* Begin PBXGroup section */
		8E9F710928BDCDD200D79F9D = {
			isa = PBXGroup;
			children = (
				8E9F710E28BDCDD200D79F9D /* Shared */,
				8E9F711D28BDCDD600D79F9D /* macOS */,
				8E9F712628BDCDD600D79F9D /* Tests iOS */,
				8E9F713228BDCDD600D79F9D /* Tests macOS */,
				8E9F711728BDCDD600D79F9D /* Products */,
			);
			sourceTree = "<group>";
		};
		8E9F710E28BDCDD200D79F9D /* Shared */ = {
			isa = PBXGroup;
			children = (
				8E9F710F28BDCDD200D79F9D /* themoviedbApp.swift */,
				8E9F711028BDCDD200D79F9D /* ContentView.swift */,
				8E9F711128BDCDD600D79F9D /* Assets.xcassets */,
			);
			path = Shared;
			sourceTree = "<group>";
		};
		8E9F711728BDCDD600D79F9D /* Products */ = {
			isa = PBXGroup;
			children = (
				8E9F711628BDCDD600D79F9D /* themoviedb.app */,
				8E9F711C28BDCDD600D79F9D /* themoviedb.app */,
				8E9F712328BDCDD600D79F9D /* Tests iOS.xctest */,
				8E9F712F28BDCDD600D79F9D /* Tests macOS.xctest */,
			);
			name = Products;
			sourceTree = "<group>";
		};
		8E9F711D28BDCDD600D79F9D /* macOS */ = {
			isa = PBXGroup;
			children = (
				8E9F711E28BDCDD600D79F9D /* macOS.entitlements */,
			);
			path = macOS;
			sourceTree = "<group>";
		};
		8E9F712628BDCDD600D79F9D /* Tests iOS */ = {
			isa = PBXGroup;
			children = (
				8E9F712728BDCDD600D79F9D /* Tests_iOS.swift */,
				8E9F712928BDCDD600D79F9D /* Tests_iOSLaunchTests.swift */,
			);
			path = "Tests iOS";
			sourceTree = "<group>";
		};
		8E9F713228BDCDD600D79F9D /* Tests macOS */ = {
			isa = PBXGroup;
			children = (
				8E9F713328BDCDD600D79F9D /* Tests_macOS.swift */,
				8E9F713528BDCDD600D79F9D /* Tests_macOSLaunchTests.swift */,
			);
			path = "Tests macOS";
			sourceTree = "<group>";
		};
/* End PBXGroup section */

/* Begin PBXNativeTarget section */
		8E9F711528BDCDD600D79F9D /* themoviedb (iOS) */ = {
			isa = PBXNativeTarget;
			buildConfigurationList = 8E9F713F28BDCDD600D79F9D /* Build configuration list for PBXNativeTarget "themoviedb (iOS)" */;
			buildPhases = (
				8E9F711228BDCDD600D79F9D /* Sources */,
				8E9F711328BDCDD600D79F9D /* Frameworks */,
				8E9F711428BDCDD600D79F9D /* Resources */,
			);
			buildRules = (
			);
			dependencies = (
			);
			name = "themoviedb (iOS)";
			productName = "themoviedb (iOS)";
			productReference = 8E9F711628BDCDD600D79F9D /* themoviedb.app */;
			productType = "com.apple.product-type.application";
		};
		8E9F711B28BDCDD600D79F9D /* themoviedb (macOS) */ = {
			isa = PBXNativeTarget;
			buildConfigurationList = 8E9F714228BDCDD600D79F9D /* Build configuration list for PBXNativeTarget "themoviedb (macOS)" */;
			buildPhases = (
				8E9F711828BDCDD600D79F9D /* Sources */,
				8E9F711928BDCDD600D79F9D /* Frameworks */,
				8E9F711A28BDCDD600D79F9D /* Resources */,
			);
			buildRules = (
			);
			dependencies = (
			);
			name = "themoviedb (macOS)";
			productName = "themoviedb (macOS)";
			productReference = 8E9F711C28BDCDD600D79F9D /* themoviedb.app */;
			productType = "com.apple.product-type.application";
		};
		8E9F712228BDCDD600D79F9D /* Tests iOS */ = {
			isa = PBXNativeTarget;
			buildConfigurationList = 8E9F714528BDCDD600D79F9D /* Build configuration list for PBXNativeTarget "Tests iOS" */;
			buildPhases = (
				8E9F711F28BDCDD600D79F9D /* Sources */,
				8E9F712028BDCDD600D79F9D /* Frameworks */,
				8E9F712128BDCDD600D79F9D /* Resources */,
			);
			buildRules = (
			);
			dependencies = (
				8E9F712528BDCDD600D79F9D /* PBXTargetDependency */,
			);
			name = "Tests iOS";
			productName = "Tests iOS";
			productReference = 8E9F712328BDCDD600D79F9D /* Tests iOS.xctest */;
			productType = "com.apple.product-type.bundle.ui-testing";
		};
		8E9F712E28BDCDD600D79F9D /* Tests macOS */ = {
			isa = PBXNativeTarget;
			buildConfigurationList = 8E9F714828BDCDD600D79F9D /* Build configuration list for PBXNativeTarget "Tests macOS" */;
			buildPhases = (
				8E9F712B28BDCDD600D79F9D /* Sources */,
				8E9F712C28BDCDD600D79F9D /* Frameworks */,
				8E9F712D28BDCDD600D79F9D /* Resources */,
			);
			buildRules = (
			);
			dependencies = (
				8E9F713128BDCDD600D79F9D /* PBXTargetDependency */,
			);
			name = "Tests macOS";
			productName = "Tests macOS";
			productReference = 8E9F712F28BDCDD600D79F9D /* Tests macOS.xctest */;
			productType = "com.apple.product-type.bundle.ui-testing";
		};
/* End PBXNativeTarget section */

/* Begin PBXProject section */
		8E9F710A28BDCDD200D79F9D /* Project object */ = {
			isa = PBXProject;
			attributes = {
				BuildIndependentTargetsInParallel = 1;
				LastSwiftUpdateCheck = 1340;
				LastUpgradeCheck = 1340;
				TargetAttributes = {
					8E9F711528BDCDD600D79F9D = {
						CreatedOnToolsVersion = 13.4.1;
					};
					8E9F711B28BDCDD600D79F9D = {
						CreatedOnToolsVersion = 13.4.1;
					};
					8E9F712228BDCDD600D79F9D = {
						CreatedOnToolsVersion = 13.4.1;
						TestTargetID = 8E9F711528BDCDD600D79F9D;
					};
					8E9F712E28BDCDD600D79F9D = {
						CreatedOnToolsVersion = 13.4.1;
						TestTargetID = 8E9F711B28BDCDD600D79F9D;
					};
				};
			};
			buildConfigurationList = 8E9F710D28BDCDD200D79F9D /* Build configuration list for PBXProject "themoviedb" */;
			compatibilityVersion = "Xcode 13.0";
			developmentRegion = en;
			hasScannedForEncodings = 0;
			knownRegions = (
				en,
				Base,
			);
			mainGroup = 8E9F710928BDCDD200D79F9D;
			productRefGroup = 8E9F711728BDCDD600D79F9D /* Products */;
			projectDirPath = "";
			projectRoot = "";
			targets = (
				8E9F711528BDCDD600D79F9D /* themoviedb (iOS) */,
				8E9F711B28BDCDD600D79F9D /* themoviedb (macOS) */,
				8E9F712228BDCDD600D79F9D /* Tests iOS */,
				8E9F712E28BDCDD600D79F9D /* Tests macOS */,
			);
		};
/* End PBXProject section */

/* Begin PBXResourcesBuildPhase section */
		8E9F711428BDCDD600D79F9D /* Resources */ = {
			isa = PBXResourcesBuildPhase;
			buildActionMask = 2147483647;
			files = (
				8E9F713B28BDCDD600D79F9D /* Assets.xcassets in Resources */,
			);
			runOnlyForDeploymentPostprocessing = 0;
		};
		8E9F711A28BDCDD600D79F9D /* Resources */ = {
			isa = PBXResourcesBuildPhase;
			buildActionMask = 2147483647;
			files = (
				8E9F713C28BDCDD600D79F9D /* Assets.xcassets in Resources */,
			);
			runOnlyForDeploymentPostprocessing = 0;
		};
		8E9F712128BDCDD600D79F9D /* Resources */ = {
			isa = PBXResourcesBuildPhase;
			buildActionMask = 2147483647;
			files = (
			);
			runOnlyForDeploymentPostprocessing = 0;
		};
		8E9F712D28BDCDD600D79F9D /* Resources */ = {
			isa = PBXResourcesBuildPhase;
			buildActionMask = 2147483647;
			files = (
			);
			runOnlyForDeploymentPostprocessing = 0;
		};
/* End PBXResourcesBuildPhase section */

/* Begin PBXSourcesBuildPhase section */
		8E9F711228BDCDD600D79F9D /* Sources */ = {
			isa = PBXSourcesBuildPhase;
			buildActionMask = 2147483647;
			files = (
				8E9F713928BDCDD600D79F9D /* ContentView.swift in Sources */,
				8E9F713728BDCDD600D79F9D /* themoviedbApp.swift in Sources */,
			);
			runOnlyForDeploymentPostprocessing = 0;
		};
		8E9F711828BDCDD600D79F9D /* Sources */ = {
			isa = PBXSourcesBuildPhase;
			buildActionMask = 2147483647;
			files = (
				8E9F713A28BDCDD600D79F9D /* ContentView.swift in Sources */,
				8E9F713828BDCDD600D79F9D /* themoviedbApp.swift in Sources */,
			);
			runOnlyForDeploymentPostprocessing = 0;
		};
		8E9F711F28BDCDD600D79F9D /* Sources */ = {
			isa = PBXSourcesBuildPhase;
			buildActionMask = 2147483647;
			files = (
				8E9F712A28BDCDD600D79F9D /* Tests_iOSLaunchTests.swift in Sources */,
				8E9F712828BDCDD600D79F9D /* Tests_iOS.swift in Sources */,
			);
			runOnlyForDeploymentPostprocessing = 0;
		};
		8E9F712B28BDCDD600D79F9D /* Sources */ = {
			isa = PBXSourcesBuildPhase;
			buildActionMask = 2147483647;
			files = (
				8E9F713628BDCDD600D79F9D /* Tests_macOSLaunchTests.swift in Sources */,
				8E9F713428BDCDD600D79F9D /* Tests_macOS.swift in Sources */,
			);
			runOnlyForDeploymentPostprocessing = 0;
		};
/* End PBXSourcesBuildPhase section */

/* Begin PBXTargetDependency section */
		8E9F712528BDCDD600D79F9D /* PBXTargetDependency */ = {
			isa = PBXTargetDependency;
			target = 8E9F711528BDCDD600D79F9D /* themoviedb (iOS) */;
			targetProxy = 8E9F712428BDCDD600D79F9D /* PBXContainerItemProxy */;
		};
		8E9F713128BDCDD600D79F9D /* PBXTargetDependency */ = {
			isa = PBXTargetDependency;
			target = 8E9F711B28BDCDD600D79F9D /* themoviedb (macOS) */;
			targetProxy = 8E9F713028BDCDD600D79F9D /* PBXContainerItemProxy */;
		};
/* End PBXTargetDependency section */

/* Begin XCBuildConfiguration section */
		8E9F713D28BDCDD600D79F9D /* Debug */ = {
			isa = XCBuildConfiguration;
			buildSettings = {
				ALWAYS_SEARCH_USER_PATHS = NO;
				CLANG_ANALYZER_NONNULL = YES;
				CLANG_ANALYZER_NUMBER_OBJECT_CONVERSION = YES_AGGRESSIVE;
				CLANG_CXX_LANGUAGE_STANDARD = "gnu++17";
				CLANG_ENABLE_MODULES = YES;
				CLANG_ENABLE_OBJC_ARC = YES;
				CLANG_ENABLE_OBJC_WEAK = YES;
				CLANG_WARN_BLOCK_CAPTURE_AUTORELEASING = YES;
				CLANG_WARN_BOOL_CONVERSION = YES;
				CLANG_WARN_COMMA = YES;
				CLANG_WARN_CONSTANT_CONVERSION = YES;
				CLANG_WARN_DEPRECATED_OBJC_IMPLEMENTATIONS = YES;
				CLANG_WARN_DIRECT_OBJC_ISA_USAGE = YES_ERROR;
				CLANG_WARN_DOCUMENTATION_COMMENTS = YES;
				CLANG_WARN_EMPTY_BODY = YES;
				CLANG_WARN_ENUM_CONVERSION = YES;
				CLANG_WARN_INFINITE_RECURSION = YES;
				CLANG_WARN_INT_CONVERSION = YES;
				CLANG_WARN_NON_LITERAL_NULL_CONVERSION = YES;
				CLANG_WARN_OBJC_IMPLICIT_RETAIN_SELF = YES;
				CLANG_WARN_OBJC_LITERAL_CONVERSION = YES;
				CLANG_WARN_OBJC_ROOT_CLASS = YES_ERROR;
				CLANG_WARN_QUOTED_INCLUDE_IN_FRAMEWORK_HEADER = YES;
				CLANG_WARN_RANGE_LOOP_ANALYSIS = YES;
				CLANG_WARN_STRICT_PROTOTYPES = YES;
				CLANG_WARN_SUSPICIOUS_MOVE = YES;
				CLANG_WARN_UNGUARDED_AVAILABILITY = YES_AGGRESSIVE;
				CLANG_WARN_UNREACHABLE_CODE = YES;
				CLANG_WARN__DUPLICATE_METHOD_MATCH = YES;
				COPY_PHASE_STRIP = NO;
				DEBUG_INFORMATION_FORMAT = dwarf;
				ENABLE_STRICT_OBJC_MSGSEND = YES;
				ENABLE_TESTABILITY = YES;
				GCC_C_LANGUAGE_STANDARD = gnu11;
				GCC_DYNAMIC_NO_PIC = NO;
				GCC_NO_COMMON_BLOCKS = YES;
				GCC_OPTIMIZATION_LEVEL = 0;
				GCC_PREPROCESSOR_DEFINITIONS = (
					"DEBUG=1",
					"$(inherited)",
				);
				GCC_WARN_64_TO_32_BIT_CONVERSION = YES;
				GCC_WARN_ABOUT_RETURN_TYPE = YES_ERROR;
				GCC_WARN_UNDECLARED_SELECTOR = YES;
				GCC_WARN_UNINITIALIZED_AUTOS = YES_AGGRESSIVE;
				GCC_WARN_UNUSED_FUNCTION = YES;
				GCC_WARN_UNUSED_VARIABLE = YES;
				MTL_ENABLE_DEBUG_INFO = INCLUDE_SOURCE;
				MTL_FAST_MATH = YES;
				ONLY_ACTIVE_ARCH = YES;
				SWIFT_ACTIVE_COMPILATION_CONDITIONS = DEBUG;
				SWIFT_OPTIMIZATION_LEVEL = "-Onone";
			};
			name = Debug;
		};
		8E9F713E28BDCDD600D79F9D /* Release */ = {
			isa = XCBuildConfiguration;
			buildSettings = {
				ALWAYS_SEARCH_USER_PATHS = NO;
				CLANG_ANALYZER_NONNULL = YES;
				CLANG_ANALYZER_NUMBER_OBJECT_CONVERSION = YES_AGGRESSIVE;
				CLANG_CXX_LANGUAGE_STANDARD = "gnu++17";
				CLANG_ENABLE_MODULES = YES;
				CLANG_ENABLE_OBJC_ARC = YES;
				CLANG_ENABLE_OBJC_WEAK = YES;
				CLANG_WARN_BLOCK_CAPTURE_AUTORELEASING = YES;
				CLANG_WARN_BOOL_CONVERSION = YES;
				CLANG_WARN_COMMA = YES;
				CLANG_WARN_CONSTANT_CONVERSION = YES;
				CLANG_WARN_DEPRECATED_OBJC_IMPLEMENTATIONS = YES;
				CLANG_WARN_DIRECT_OBJC_ISA_USAGE = YES_ERROR;
				CLANG_WARN_DOCUMENTATION_COMMENTS = YES;
				CLANG_WARN_EMPTY_BODY = YES;
				CLANG_WARN_ENUM_CONVERSION = YES;
				CLANG_WARN_INFINITE_RECURSION = YES;
				CLANG_WARN_INT_CONVERSION = YES;
				CLANG_WARN_NON_LITERAL_NULL_CONVERSION = YES;
				CLANG_WARN_OBJC_IMPLICIT_RETAIN_SELF = YES;
				CLANG_WARN_OBJC_LITERAL_CONVERSION = YES;
				CLANG_WARN_OBJC_ROOT_CLASS = YES_ERROR;
				CLANG_WARN_QUOTED_INCLUDE_IN_FRAMEWORK_HEADER = YES;
				CLANG_WARN_RANGE_LOOP_ANALYSIS = YES;
				CLANG_WARN_STRICT_PROTOTYPES = YES;
				CLANG_WARN_SUSPICIOUS_MOVE = YES;
				CLANG_WARN_UNGUARDED_AVAILABILITY = YES_AGGRESSIVE;
				CLANG_WARN_UNREACHABLE_CODE = YES;
				CLANG_WARN__DUPLICATE_METHOD_MATCH = YES;
				COPY_PHASE_STRIP = NO;
				DEBUG_INFORMATION_FORMAT = "dwarf-with-dsym";
				ENABLE_NS_ASSERTIONS = NO;
				ENABLE_STRICT_OBJC_MSGSEND = YES;
				GCC_C_LANGUAGE_STANDARD = gnu11;
				GCC_NO_COMMON_BLOCKS = YES;
				GCC_WARN_64_TO_32_BIT_CONVERSION = YES;
				GCC_WARN_ABOUT_RETURN_TYPE = YES_ERROR;
				GCC_WARN_UNDECLARED_SELECTOR = YES;
				GCC_WARN_UNINITIALIZED_AUTOS = YES_AGGRESSIVE;
				GCC_WARN_UNUSED_FUNCTION = YES;
				GCC_WARN_UNUSED_VARIABLE = YES;
				MTL_ENABLE_DEBUG_INFO = NO;
				MTL_FAST_MATH = YES;
				SWIFT_COMPILATION_MODE = wholemodule;
				SWIFT_OPTIMIZATION_LEVEL = "-O";
			};
			name = Release;
		};
		8E9F714028BDCDD600D79F9D /* Debug */ = {
			isa = XCBuildConfiguration;
			buildSettings = {
				ASSETCATALOG_COMPILER_APPICON_NAME = AppIcon;
				ASSETCATALOG_COMPILER_GLOBAL_ACCENT_COLOR_NAME = AccentColor;
				CODE_SIGN_STYLE = Automatic;
				CURRENT_PROJECT_VERSION = 1;
				DEVELOPMENT_TEAM = UVPJL2R3JJ;
				ENABLE_PREVIEWS = YES;
				GENERATE_INFOPLIST_FILE = YES;
				INFOPLIST_KEY_UIApplicationSceneManifest_Generation = YES;
				INFOPLIST_KEY_UIApplicationSupportsIndirectInputEvents = YES;
				INFOPLIST_KEY_UILaunchScreen_Generation = YES;
				INFOPLIST_KEY_UISupportedInterfaceOrientations_iPad = "UIInterfaceOrientationPortrait UIInterfaceOrientationPortraitUpsideDown UIInterfaceOrientationLandscapeLeft UIInterfaceOrientationLandscapeRight";
				INFOPLIST_KEY_UISupportedInterfaceOrientations_iPhone = "UIInterfaceOrientationPortrait UIInterfaceOrientationLandscapeLeft UIInterfaceOrientationLandscapeRight";
				IPHONEOS_DEPLOYMENT_TARGET = 15.5;
				LD_RUNPATH_SEARCH_PATHS = (
					"$(inherited)",
					"@executable_path/Frameworks",
				);
				MARKETING_VERSION = 1.0;
				PRODUCT_BUNDLE_IDENTIFIER = cledata.themoviedb;
				PRODUCT_NAME = themoviedb;
				SDKROOT = iphoneos;
				SWIFT_EMIT_LOC_STRINGS = YES;
				SWIFT_VERSION = 5.0;
				TARGETED_DEVICE_FAMILY = "1,2";
			};
			name = Debug;
		};
		8E9F714128BDCDD600D79F9D /* Release */ = {
			isa = XCBuildConfiguration;
			buildSettings = {
				ASSETCATALOG_COMPILER_APPICON_NAME = AppIcon;
				ASSETCATALOG_COMPILER_GLOBAL_ACCENT_COLOR_NAME = AccentColor;
				CODE_SIGN_STYLE = Automatic;
				CURRENT_PROJECT_VERSION = 1;
				DEVELOPMENT_TEAM = UVPJL2R3JJ;
				ENABLE_PREVIEWS = YES;
				GENERATE_INFOPLIST_FILE = YES;
				INFOPLIST_KEY_UIApplicationSceneManifest_Generation = YES;
				INFOPLIST_KEY_UIApplicationSupportsIndirectInputEvents = YES;
				INFOPLIST_KEY_UILaunchScreen_Generation = YES;
				INFOPLIST_KEY_UISupportedInterfaceOrientations_iPad = "UIInterfaceOrientationPortrait UIInterfaceOrientationPortraitUpsideDown UIInterfaceOrientationLandscapeLeft UIInterfaceOrientationLandscapeRight";
				INFOPLIST_KEY_UISupportedInterfaceOrientations_iPhone = "UIInterfaceOrientationPortrait UIInterfaceOrientationLandscapeLeft UIInterfaceOrientationLandscapeRight";
				IPHONEOS_DEPLOYMENT_TARGET = 15.5;
				LD_RUNPATH_SEARCH_PATHS = (
					"$(inherited)",
					"@executable_path/Frameworks",
				);
				MARKETING_VERSION = 1.0;
				PRODUCT_BUNDLE_IDENTIFIER = cledata.themoviedb;
				PRODUCT_NAME = themoviedb;
				SDKROOT = iphoneos;
				SWIFT_EMIT_LOC_STRINGS = YES;
				SWIFT_VERSION = 5.0;
				TARGETED_DEVICE_FAMILY = "1,2";
				VALIDATE_PRODUCT = YES;
			};
			name = Release;
		};
		8E9F714328BDCDD600D79F9D /* Debug */ = {
			isa = XCBuildConfiguration;
			buildSettings = {
				ASSETCATALOG_COMPILER_APPICON_NAME = AppIcon;
				ASSETCATALOG_COMPILER_GLOBAL_ACCENT_COLOR_NAME = AccentColor;
				CODE_SIGN_ENTITLEMENTS = macOS/macOS.entitlements;
				CODE_SIGN_STYLE = Automatic;
				COMBINE_HIDPI_IMAGES = YES;
				CURRENT_PROJECT_VERSION = 1;
				DEVELOPMENT_TEAM = UVPJL2R3JJ;
				ENABLE_HARDENED_RUNTIME = YES;
				ENABLE_PREVIEWS = YES;
				GENERATE_INFOPLIST_FILE = YES;
				INFOPLIST_KEY_NSHumanReadableCopyright = "";
				LD_RUNPATH_SEARCH_PATHS = (
					"$(inherited)",
					"@executable_path/../Frameworks",
				);
				MACOSX_DEPLOYMENT_TARGET = 12.3;
				MARKETING_VERSION = 1.0;
				PRODUCT_BUNDLE_IDENTIFIER = cledata.themoviedb;
				PRODUCT_NAME = themoviedb;
				SDKROOT = macosx;
				SWIFT_EMIT_LOC_STRINGS = YES;
				SWIFT_VERSION = 5.0;
			};
			name = Debug;
		};
		8E9F714428BDCDD600D79F9D /* Release */ = {
			isa = XCBuildConfiguration;
			buildSettings = {
				ASSETCATALOG_COMPILER_APPICON_NAME = AppIcon;
				ASSETCATALOG_COMPILER_GLOBAL_ACCENT_COLOR_NAME = AccentColor;
				CODE_SIGN_ENTITLEMENTS = macOS/macOS.entitlements;
				CODE_SIGN_STYLE = Automatic;
				COMBINE_HIDPI_IMAGES = YES;
				CURRENT_PROJECT_VERSION = 1;
				DEVELOPMENT_TEAM = UVPJL2R3JJ;
				ENABLE_HARDENED_RUNTIME = YES;
				ENABLE_PREVIEWS = YES;
				GENERATE_INFOPLIST_FILE = YES;
				INFOPLIST_KEY_NSHumanReadableCopyright = "";
				LD_RUNPATH_SEARCH_PATHS = (
					"$(inherited)",
					"@executable_path/../Frameworks",
				);
				MACOSX_DEPLOYMENT_TARGET = 12.3;
				MARKETING_VERSION = 1.0;
				PRODUCT_BUNDLE_IDENTIFIER = cledata.themoviedb;
				PRODUCT_NAME = themoviedb;
				SDKROOT = macosx;
				SWIFT_EMIT_LOC_STRINGS = YES;
				SWIFT_VERSION = 5.0;
			};
			name = Release;
		};
		8E9F714628BDCDD600D79F9D /* Debug */ = {
			isa = XCBuildConfiguration;
			buildSettings = {
				ALWAYS_EMBED_SWIFT_STANDARD_LIBRARIES = YES;
				CODE_SIGN_STYLE = Automatic;
				CURRENT_PROJECT_VERSION = 1;
				DEVELOPMENT_TEAM = UVPJL2R3JJ;
				GENERATE_INFOPLIST_FILE = YES;
				IPHONEOS_DEPLOYMENT_TARGET = 15.5;
				MARKETING_VERSION = 1.0;
				PRODUCT_BUNDLE_IDENTIFIER = "cledata.Tests-iOS";
				PRODUCT_NAME = "$(TARGET_NAME)";
				SDKROOT = iphoneos;
				SWIFT_EMIT_LOC_STRINGS = NO;
				SWIFT_VERSION = 5.0;
				TARGETED_DEVICE_FAMILY = "1,2";
				TEST_TARGET_NAME = "themoviedb (iOS)";
			};
			name = Debug;
		};
		8E9F714728BDCDD600D79F9D /* Release */ = {
			isa = XCBuildConfiguration;
			buildSettings = {
				ALWAYS_EMBED_SWIFT_STANDARD_LIBRARIES = YES;
				CODE_SIGN_STYLE = Automatic;
				CURRENT_PROJECT_VERSION = 1;
				DEVELOPMENT_TEAM = UVPJL2R3JJ;
				GENERATE_INFOPLIST_FILE = YES;
				IPHONEOS_DEPLOYMENT_TARGET = 15.5;
				MARKETING_VERSION = 1.0;
				PRODUCT_BUNDLE_IDENTIFIER = "cledata.Tests-iOS";
				PRODUCT_NAME = "$(TARGET_NAME)";
				SDKROOT = iphoneos;
				SWIFT_EMIT_LOC_STRINGS = NO;
				SWIFT_VERSION = 5.0;
				TARGETED_DEVICE_FAMILY = "1,2";
				TEST_TARGET_NAME = "themoviedb (iOS)";
				VALIDATE_PRODUCT = YES;
			};
			name = Release;
		};
		8E9F714928BDCDD600D79F9D /* Debug */ = {
			isa = XCBuildConfiguration;
			buildSettings = {
				ALWAYS_EMBED_SWIFT_STANDARD_LIBRARIES = YES;
				CODE_SIGN_STYLE = Automatic;
				CURRENT_PROJECT_VERSION = 1;
				DEVELOPMENT_TEAM = UVPJL2R3JJ;
				GENERATE_INFOPLIST_FILE = YES;
				MACOSX_DEPLOYMENT_TARGET = 12.3;
				MARKETING_VERSION = 1.0;
				PRODUCT_BUNDLE_IDENTIFIER = "cledata.Tests-macOS";
				PRODUCT_NAME = "$(TARGET_NAME)";
				SDKROOT = macosx;
				SWIFT_EMIT_LOC_STRINGS = NO;
				SWIFT_VERSION = 5.0;
				TEST_TARGET_NAME = "themoviedb (macOS)";
			};
			name = Debug;
		};
		8E9F714A28BDCDD600D79F9D /* Release */ = {
			isa = XCBuildConfiguration;
			buildSettings = {
				ALWAYS_EMBED_SWIFT_STANDARD_LIBRARIES = YES;
				CODE_SIGN_STYLE = Automatic;
				CURRENT_PROJECT_VERSION = 1;
				DEVELOPMENT_TEAM = UVPJL2R3JJ;
				GENERATE_INFOPLIST_FILE = YES;
				MACOSX_DEPLOYMENT_TARGET = 12.3;
				MARKETING_VERSION = 1.0;
				PRODUCT_BUNDLE_IDENTIFIER = "cledata.Tests-macOS";
				PRODUCT_NAME = "$(TARGET_NAME)";
				SDKROOT = macosx;
				SWIFT_EMIT_LOC_STRINGS = NO;
				SWIFT_VERSION = 5.0;
				TEST_TARGET_NAME = "themoviedb (macOS)";
			};
			name = Release;
		};
/* End XCBuildConfiguration section */

/* Begin XCConfigurationList section */
		8E9F710D28BDCDD200D79F9D /* Build configuration list for PBXProject "themoviedb" */ = {
			isa = XCConfigurationList;
			buildConfigurations = (
				8E9F713D28BDCDD600D79F9D /* Debug */,
				8E9F713E28BDCDD600D79F9D /* Release */,
			);
			defaultConfigurationIsVisible = 0;
			defaultConfigurationName = Release;
		};
		8E9F713F28BDCDD600D79F9D /* Build configuration list for PBXNativeTarget "themoviedb (iOS)" */ = {
			isa = XCConfigurationList;
			buildConfigurations = (
				8E9F714028BDCDD600D79F9D /* Debug */,
				8E9F714128BDCDD600D79F9D /* Release */,
			);
			defaultConfigurationIsVisible = 0;
			defaultConfigurationName = Release;
		};
		8E9F714228BDCDD600D79F9D /* Build configuration list for PBXNativeTarget "themoviedb (macOS)" */ = {
			isa = XCConfigurationList;
			buildConfigurations = (
				8E9F714328BDCDD600D79F9D /* Debug */,
				8E9F714428BDCDD600D79F9D /* Release */,
			);
			defaultConfigurationIsVisible = 0;
			defaultConfigurationName = Release;
		};
		8E9F714528BDCDD600D79F9D /* Build configuration list for PBXNativeTarget "Tests iOS" */ = {
			isa = XCConfigurationList;
			buildConfigurations = (
				8E9F714628BDCDD600D79F9D /* Debug */,
				8E9F714728BDCDD600D79F9D /* Release */,
			);
			defaultConfigurationIsVisible = 0;
			defaultConfigurationName = Release;
		};
		8E9F714828BDCDD600D79F9D /* Build configuration list for PBXNativeTarget "Tests macOS" */ = {
			isa = XCConfigurationList;
			buildConfigurations = (
				8E9F714928BDCDD600D79F9D /* Debug */,
				8E9F714A28BDCDD600D79F9D /* Release */,
			);
			defaultConfigurationIsVisible = 0;
			defaultConfigurationName = Release;
		};
/* End XCConfigurationList section */
	};
	rootObject = 8E9F710A28BDCDD200D79F9D /* Project object */;
}
